
Microsoft Visual Studio Solution File, Format Version 11.00
# Visual Studio 2010
Project("{FAE04EC0-301F-11D3-BF4B-00C04F79EFBC}") = "Assembly-CSharp", "Assembly-CSharp.csproj", "{0374e83c-f8ab-8f3d-5cf3-8eeea71b1737}"
EndProject
Project("{FAE04EC0-301F-11D3-BF4B-00C04F79EFBC}") = "endel.nativewebsocket", "endel.nativewebsocket.csproj", "{be24b313-e0d4-d774-47df-fba1ade89e35}"
EndProject
Project("{FAE04EC0-301F-11D3-BF4B-00C04F79EFBC}") = "Assembly-CSharp-Editor", "Assembly-CSharp-Editor.csproj", "{a9bb5ef9-938c-2d94-e907-55d472e0abf5}"
EndProject
Global
	GlobalSection(SolutionConfigurationPlatforms) = preSolution
		Debug|Any CPU = Debug|Any CPU
	EndGlobalSection
	GlobalSection(ProjectConfigurationPlatforms) = postSolution
		{0374e83c-f8ab-8f3d-5cf3-8eeea71b1737}.Debug|Any CPU.ActiveCfg = Debug|Any CPU
		{0374e83c-f8ab-8f3d-5cf3-8eeea71b1737}.Debug|Any CPU.Build.0 = Debug|Any CPU
		{be24b313-e0d4-d774-47df-fba1ade89e35}.Debug|Any CPU.ActiveCfg = Debug|Any CPU
		{be24b313-e0d4-d774-47df-fba1ade89e35}.Debug|Any CPU.Build.0 = Debug|Any CPU
		{a9bb5ef9-938c-2d94-e907-55d472e0abf5}.Debug|Any CPU.ActiveCfg = Debug|Any CPU
		{a9bb5ef9-938c-2d94-e907-55d472e0abf5}.Debug|Any CPU.Build.0 = Debug|Any CPU
	EndGlobalSection
	GlobalSection(SolutionProperties) = preSolution
		HideSolutionNode = FALSE
	EndGlobalSection
EndGlobal
